
Microsoft Visual Studio Solution File, Format Version 12.00
# Visual Studio Version 16
VisualStudioVersion = 16.0.30114.105
MinimumVisualStudioVersion = 10.0.40219.1
Project("{FAE04EC0-301F-11D3-BF4B-00C04F79EFBC}") = "Assignment", "Assignment\Assignment.csproj", "{3F696E0D-A518-4EC7-AE91-09CEE6BAE9CF}"
EndProject
Project("{FAE04EC0-301F-11D3-BF4B-00C04F79EFBC}") = "Assignment.Tests", "Assignment.Tests\Assignment.Tests.csproj", "{55BE118B-386B-4F7C-852C-8BD9E7144550}"
EndProject
Global
	GlobalSection(SolutionConfigurationPlatforms) = preSolution
		Debug|Any CPU = Debug|Any CPU
		Debug|x64 = Debug|x64
		Debug|x86 = Debug|x86
		Release|Any CPU = Release|Any CPU
		Release|x64 = Release|x64
		Release|x86 = Release|x86
	EndGlobalSection
	GlobalSection(SolutionProperties) = preSolution
		HideSolutionNode = FALSE
	EndGlobalSection
	GlobalSection(ProjectConfigurationPlatforms) = postSolution
		{3F696E0D-A518-4EC7-AE91-09CEE6BAE9CF}.Debug|Any CPU.ActiveCfg = Debug|Any CPU
		{3F696E0D-A518-4EC7-AE91-09CEE6BAE9CF}.Debug|Any CPU.Build.0 = Debug|Any CPU
		{3F696E0D-A518-4EC7-AE91-09CEE6BAE9CF}.Debug|x64.ActiveCfg = Debug|Any CPU
		{3F696E0D-A518-4EC7-AE91-09CEE6BAE9CF}.Debug|x64.Build.0 = Debug|Any CPU
		{3F696E0D-A518-4EC7-AE91-09CEE6BAE9CF}.Debug|x86.ActiveCfg = Debug|Any CPU
		{3F696E0D-A518-4EC7-AE91-09CEE6BAE9CF}.Debug|x86.Build.0 = Debug|Any CPU
		{3F696E0D-A518-4EC7-AE91-09CEE6BAE9CF}.Release|Any CPU.ActiveCfg = Release|Any CPU
		{3F696E0D-A518-4EC7-AE91-09CEE6BAE9CF}.Release|Any CPU.Build.0 = Release|Any CPU
		{3F696E0D-A518-4EC7-AE91-09CEE6BAE9CF}.Release|x64.ActiveCfg = Release|Any CPU
		{3F696E0D-A518-4EC7-AE91-09CEE6BAE9CF}.Release|x64.Build.0 = Release|Any CPU
		{3F696E0D-A518-4EC7-AE91-09CEE6BAE9CF}.Release|x86.ActiveCfg = Release|Any CPU
		{3F696E0D-A518-4EC7-AE91-09CEE6BAE9CF}.Release|x86.Build.0 = Release|Any CPU
		{0565ACF3-1322-492D-BB22-1F6F0C1C516F}.Debug|Any CPU.ActiveCfg = Debug|Any CPU
		{0565ACF3-1322-492D-BB22-1F6F0C1C516F}.Debug|Any CPU.Build.0 = Debug|Any CPU
		{0565ACF3-1322-492D-BB22-1F6F0C1C516F}.Debug|x64.ActiveCfg = Debug|Any CPU
		{0565ACF3-1322-492D-BB22-1F6F0C1C516F}.Debug|x64.Build.0 = Debug|Any CPU
		{0565ACF3-1322-492D-BB22-1F6F0C1C516F}.Debug|x86.ActiveCfg = Debug|Any CPU
		{0565ACF3-1322-492D-BB22-1F6F0C1C516F}.Debug|x86.Build.0 = Debug|Any CPU
		{0565ACF3-1322-492D-BB22-1F6F0C1C516F}.Release|Any CPU.ActiveCfg = Release|Any CPU
		{0565ACF3-1322-492D-BB22-1F6F0C1C516F}.Release|Any CPU.Build.0 = Release|Any CPU
		{0565ACF3-1322-492D-BB22-1F6F0C1C516F}.Release|x64.ActiveCfg = Release|Any CPU
		{0565ACF3-1322-492D-BB22-1F6F0C1C516F}.Release|x64.Build.0 = Release|Any CPU
		{0565ACF3-1322-492D-BB22-1F6F0C1C516F}.Release|x86.ActiveCfg = Release|Any CPU
		{0565ACF3-1322-492D-BB22-1F6F0C1C516F}.Release|x86.Build.0 = Release|Any CPU
		{55BE118B-386B-4F7C-852C-8BD9E7144550}.Debug|Any CPU.ActiveCfg = Debug|Any CPU
		{55BE118B-386B-4F7C-852C-8BD9E7144550}.Debug|Any CPU.Build.0 = Debug|Any CPU
		{55BE118B-386B-4F7C-852C-8BD9E7144550}.Debug|x64.ActiveCfg = Debug|Any CPU
		{55BE118B-386B-4F7C-852C-8BD9E7144550}.Debug|x64.Build.0 = Debug|Any CPU
		{55BE118B-386B-4F7C-852C-8BD9E7144550}.Debug|x86.ActiveCfg = Debug|Any CPU
		{55BE118B-386B-4F7C-852C-8BD9E7144550}.Debug|x86.Build.0 = Debug|Any CPU
		{55BE118B-386B-4F7C-852C-8BD9E7144550}.Release|Any CPU.ActiveCfg = Release|Any CPU
		{55BE118B-386B-4F7C-852C-8BD9E7144550}.Release|Any CPU.Build.0 = Release|Any CPU
		{55BE118B-386B-4F7C-852C-8BD9E7144550}.Release|x64.ActiveCfg = Release|Any CPU
		{55BE118B-386B-4F7C-852C-8BD9E7144550}.Release|x64.Build.0 = Release|Any CPU
		{55BE118B-386B-4F7C-852C-8BD9E7144550}.Release|x86.ActiveCfg = Release|Any CPU
		{55BE118B-386B-4F7C-852C-8BD9E7144550}.Release|x86.Build.0 = Release|Any CPU
	EndGlobalSection
EndGlobal
